// !$*UTF8*$!
{
	archiveVersion = 1;
	classes = {
	};
	objectVersion = 55;
	objects = {

/* Begin PBXBuildFile section */
		86482E0D28A84A09000D064F /* JuiceMakerRefactorApp.swift in Sources */ = {isa = PBXBuildFile; fileRef = 86482E0C28A84A09000D064F /* JuiceMakerRefactorApp.swift */; };
		86482E0F28A84A09000D064F /* MainView.swift in Sources */ = {isa = PBXBuildFile; fileRef = 86482E0E28A84A09000D064F /* MainView.swift */; };
		86482E1128A84A0A000D064F /* Assets.xcassets in Resources */ = {isa = PBXBuildFile; fileRef = 86482E1028A84A0A000D064F /* Assets.xcassets */; };
		86482E1428A84A0A000D064F /* Preview Assets.xcassets in Resources */ = {isa = PBXBuildFile; fileRef = 86482E1328A84A0A000D064F /* Preview Assets.xcassets */; };
		86482E1C28A84EF5000D064F /* Fruit.swift in Sources */ = {isa = PBXBuildFile; fileRef = 86482E1B28A84EF5000D064F /* Fruit.swift */; };
		86482E1E28A84F04000D064F /* MainViewModel.swift in Sources */ = {isa = PBXBuildFile; fileRef = 86482E1D28A84F04000D064F /* MainViewModel.swift */; };
		86482E2028A84F1F000D064F /* Juice.swift in Sources */ = {isa = PBXBuildFile; fileRef = 86482E1F28A84F1F000D064F /* Juice.swift */; };
		86482E2428A84F88000D064F /* Error.swift in Sources */ = {isa = PBXBuildFile; fileRef = 86482E2328A84F88000D064F /* Error.swift */; };
		865C9C4528AC399D001E25E8 /* Collections in Frameworks */ = {isa = PBXBuildFile; productRef = 865C9C4428AC399D001E25E8 /* Collections */; };
		865C9C4728AC399D001E25E8 /* OrderedCollections in Frameworks */ = {isa = PBXBuildFile; productRef = 865C9C4628AC399D001E25E8 /* OrderedCollections */; };
		865C9C4B28AED75C001E25E8 /* EditView.swift in Sources */ = {isa = PBXBuildFile; fileRef = 865C9C4A28AED75C001E25E8 /* EditView.swift */; };
		865C9C9528B37168001E25E8 /* FruitStockService.swift in Sources */ = {isa = PBXBuildFile; fileRef = 865C9C9428B37168001E25E8 /* FruitStockService.swift */; };
/* End PBXBuildFile section */

/* Begin PBXFileReference section */
		86482E0928A84A09000D064F /* JuiceMakerRefactor.app */ = {isa = PBXFileReference; explicitFileType = wrapper.application; includeInIndex = 0; path = JuiceMakerRefactor.app; sourceTree = BUILT_PRODUCTS_DIR; };
		86482E0C28A84A09000D064F /* JuiceMakerRefactorApp.swift */ = {isa = PBXFileReference; lastKnownFileType = sourcecode.swift; path = JuiceMakerRefactorApp.swift; sourceTree = "<group>"; };
		86482E0E28A84A09000D064F /* MainView.swift */ = {isa = PBXFileReference; lastKnownFileType = sourcecode.swift; path = MainView.swift; sourceTree = "<group>"; };
		86482E1028A84A0A000D064F /* Assets.xcassets */ = {isa = PBXFileReference; lastKnownFileType = folder.assetcatalog; path = Assets.xcassets; sourceTree = "<group>"; };
		86482E1328A84A0A000D064F /* Preview Assets.xcassets */ = {isa = PBXFileReference; lastKnownFileType = folder.assetcatalog; path = "Preview Assets.xcassets"; sourceTree = "<group>"; };
		86482E1B28A84EF5000D064F /* Fruit.swift */ = {isa = PBXFileReference; lastKnownFileType = sourcecode.swift; path = Fruit.swift; sourceTree = "<group>"; };
		86482E1D28A84F04000D064F /* MainViewModel.swift */ = {isa = PBXFileReference; lastKnownFileType = sourcecode.swift; path = MainViewModel.swift; sourceTree = "<group>"; };
		86482E1F28A84F1F000D064F /* Juice.swift */ = {isa = PBXFileReference; lastKnownFileType = sourcecode.swift; path = Juice.swift; sourceTree = "<group>"; };
		86482E2328A84F88000D064F /* Error.swift */ = {isa = PBXFileReference; lastKnownFileType = sourcecode.swift; path = Error.swift; sourceTree = "<group>"; };
		865C9C4A28AED75C001E25E8 /* EditView.swift */ = {isa = PBXFileReference; lastKnownFileType = sourcecode.swift; path = EditView.swift; sourceTree = "<group>"; };
		865C9C9428B37168001E25E8 /* FruitStockService.swift */ = {isa = PBXFileReference; lastKnownFileType = sourcecode.swift; path = FruitStockService.swift; sourceTree = "<group>"; };
/* End PBXFileReference section */

/* Begin PBXFrameworksBuildPhase section */
		86482E0628A84A09000D064F /* Frameworks */ = {
			isa = PBXFrameworksBuildPhase;
			buildActionMask = 2147483647;
			files = (
				865C9C4728AC399D001E25E8 /* OrderedCollections in Frameworks */,
				865C9C4528AC399D001E25E8 /* Collections in Frameworks */,
			);
			runOnlyForDeploymentPostprocessing = 0;
		};
/* End PBXFrameworksBuildPhase section */

/* Begin PBXGroup section */
		86482E0028A84A09000D064F = {
			isa = PBXGroup;
			children = (
				86482E0B28A84A09000D064F /* JuiceMakerRefactor */,
				86482E0A28A84A09000D064F /* Products */,
			);
			sourceTree = "<group>";
		};
		86482E0A28A84A09000D064F /* Products */ = {
			isa = PBXGroup;
			children = (
				86482E0928A84A09000D064F /* JuiceMakerRefactor.app */,
			);
			name = Products;
			sourceTree = "<group>";
		};
		86482E0B28A84A09000D064F /* JuiceMakerRefactor */ = {
			isa = PBXGroup;
			children = (
				86482E0C28A84A09000D064F /* JuiceMakerRefactorApp.swift */,
				86482E0E28A84A09000D064F /* MainView.swift */,
				865C9C4A28AED75C001E25E8 /* EditView.swift */,
				865C9C9328B3712D001E25E8 /* Service */,
				865C9C9628B371D6001E25E8 /* ViewModel */,
				86482E1A28A84EE5000D064F /* Model */,
				86482E1028A84A0A000D064F /* Assets.xcassets */,
				86482E1228A84A0A000D064F /* Preview Content */,
			);
			path = JuiceMakerRefactor;
			sourceTree = "<group>";
		};
		86482E1228A84A0A000D064F /* Preview Content */ = {
			isa = PBXGroup;
			children = (
				86482E1328A84A0A000D064F /* Preview Assets.xcassets */,
			);
			path = "Preview Content";
			sourceTree = "<group>";
		};
		86482E1A28A84EE5000D064F /* Model */ = {
			isa = PBXGroup;
			children = (
				86482E1B28A84EF5000D064F /* Fruit.swift */,
				86482E1F28A84F1F000D064F /* Juice.swift */,
				86482E2328A84F88000D064F /* Error.swift */,
			);
			path = Model;
			sourceTree = "<group>";
		};
		865C9C9328B3712D001E25E8 /* Service */ = {
			isa = PBXGroup;
			children = (
				865C9C9428B37168001E25E8 /* FruitStockService.swift */,
			);
			path = Service;
			sourceTree = "<group>";
		};
		865C9C9628B371D6001E25E8 /* ViewModel */ = {
			isa = PBXGroup;
			children = (
				86482E1D28A84F04000D064F /* MainViewModel.swift */,
			);
			path = ViewModel;
			sourceTree = "<group>";
		};
/* End PBXGroup section */

/* Begin PBXNativeTarget section */
		86482E0828A84A09000D064F /* JuiceMakerRefactor */ = {
			isa = PBXNativeTarget;
			buildConfigurationList = 86482E1728A84A0A000D064F /* Build configuration list for PBXNativeTarget "JuiceMakerRefactor" */;
			buildPhases = (
				86482E0528A84A09000D064F /* Sources */,
				86482E0628A84A09000D064F /* Frameworks */,
				86482E0728A84A09000D064F /* Resources */,
			);
			buildRules = (
			);
			dependencies = (
			);
			name = JuiceMakerRefactor;
			packageProductDependencies = (
				865C9C4428AC399D001E25E8 /* Collections */,
				865C9C4628AC399D001E25E8 /* OrderedCollections */,
			);
			productName = JuiceMakerRefactor;
			productReference = 86482E0928A84A09000D064F /* JuiceMakerRefactor.app */;
			productType = "com.apple.product-type.application";
		};
/* End PBXNativeTarget section */

/* Begin PBXProject section */
		86482E0128A84A09000D064F /* Project object */ = {
			isa = PBXProject;
			attributes = {
				BuildIndependentTargetsInParallel = 1;
				LastSwiftUpdateCheck = 1340;
				LastUpgradeCheck = 1340;
				TargetAttributes = {
					86482E0828A84A09000D064F = {
						CreatedOnToolsVersion = 13.4.1;
					};
				};
			};
			buildConfigurationList = 86482E0428A84A09000D064F /* Build configuration list for PBXProject "JuiceMakerRefactor" */;
			compatibilityVersion = "Xcode 13.0";
			developmentRegion = en;
			hasScannedForEncodings = 0;
			knownRegions = (
				en,
				Base,
			);
			mainGroup = 86482E0028A84A09000D064F;
			packageReferences = (
				865C9C4328AC399D001E25E8 /* XCRemoteSwiftPackageReference "swift-collections" */,
			);
			productRefGroup = 86482E0A28A84A09000D064F /* Products */;
			projectDirPath = "";
			projectRoot = "";
			targets = (
				86482E0828A84A09000D064F /* JuiceMakerRefactor */,
			);
		};
/* End PBXProject section */

/* Begin PBXResourcesBuildPhase section */
		86482E0728A84A09000D064F /* Resources */ = {
			isa = PBXResourcesBuildPhase;
			buildActionMask = 2147483647;
			files = (
				86482E1428A84A0A000D064F /* Preview Assets.xcassets in Resources */,
				86482E1128A84A0A000D064F /* Assets.xcassets in Resources */,
			);
			runOnlyForDeploymentPostprocessing = 0;
		};
/* End PBXResourcesBuildPhase section */

/* Begin PBXSourcesBuildPhase section */
		86482E0528A84A09000D064F /* Sources */ = {
			isa = PBXSourcesBuildPhase;
			buildActionMask = 2147483647;
			files = (
				86482E1C28A84EF5000D064F /* Fruit.swift in Sources */,
				865C9C9528B37168001E25E8 /* FruitStockService.swift in Sources */,
				865C9C4B28AED75C001E25E8 /* EditView.swift in Sources */,
				86482E0F28A84A09000D064F /* MainView.swift in Sources */,
				86482E1E28A84F04000D064F /* MainViewModel.swift in Sources */,
				86482E0D28A84A09000D064F /* JuiceMakerRefactorApp.swift in Sources */,
				86482E2028A84F1F000D064F /* Juice.swift in Sources */,
				86482E2428A84F88000D064F /* Error.swift in Sources */,
			);
			runOnlyForDeploymentPostprocessing = 0;
		};
/* End PBXSourcesBuildPhase section */

/* Begin XCBuildConfiguration section */
		86482E1528A84A0A000D064F /* Debug */ = {
			isa = XCBuildConfiguration;
			buildSettings = {
				ALWAYS_SEARCH_USER_PATHS = NO;
				CLANG_ANALYZER_NONNULL = YES;
				CLANG_ANALYZER_NUMBER_OBJECT_CONVERSION = YES_AGGRESSIVE;
				CLANG_CXX_LANGUAGE_STANDARD = "gnu++17";
				CLANG_ENABLE_MODULES = YES;
				CLANG_ENABLE_OBJC_ARC = YES;
				CLANG_ENABLE_OBJC_WEAK = YES;
				CLANG_WARN_BLOCK_CAPTURE_AUTORELEASING = YES;
				CLANG_WARN_BOOL_CONVERSION = YES;
				CLANG_WARN_COMMA = YES;
				CLANG_WARN_CONSTANT_CONVERSION = YES;
				CLANG_WARN_DEPRECATED_OBJC_IMPLEMENTATIONS = YES;
				CLANG_WARN_DIRECT_OBJC_ISA_USAGE = YES_ERROR;
				CLANG_WARN_DOCUMENTATION_COMMENTS = YES;
				CLANG_WARN_EMPTY_BODY = YES;
				CLANG_WARN_ENUM_CONVERSION = YES;
				CLANG_WARN_INFINITE_RECURSION = YES;
				CLANG_WARN_INT_CONVERSION = YES;
				CLANG_WARN_NON_LITERAL_NULL_CONVERSION = YES;
				CLANG_WARN_OBJC_IMPLICIT_RETAIN_SELF = YES;
				CLANG_WARN_OBJC_LITERAL_CONVERSION = YES;
				CLANG_WARN_OBJC_ROOT_CLASS = YES_ERROR;
				CLANG_WARN_QUOTED_INCLUDE_IN_FRAMEWORK_HEADER = YES;
				CLANG_WARN_RANGE_LOOP_ANALYSIS = YES;
				CLANG_WARN_STRICT_PROTOTYPES = YES;
				CLANG_WARN_SUSPICIOUS_MOVE = YES;
				CLANG_WARN_UNGUARDED_AVAILABILITY = YES_AGGRESSIVE;
				CLANG_WARN_UNREACHABLE_CODE = YES;
				CLANG_WARN__DUPLICATE_METHOD_MATCH = YES;
				COPY_PHASE_STRIP = NO;
				DEBUG_INFORMATION_FORMAT = dwarf;
				ENABLE_STRICT_OBJC_MSGSEND = YES;
				ENABLE_TESTABILITY = YES;
				GCC_C_LANGUAGE_STANDARD = gnu11;
				GCC_DYNAMIC_NO_PIC = NO;
				GCC_NO_COMMON_BLOCKS = YES;
				GCC_OPTIMIZATION_LEVEL = 0;
				GCC_PREPROCESSOR_DEFINITIONS = (
					"DEBUG=1",
					"$(inherited)",
				);
				GCC_WARN_64_TO_32_BIT_CONVERSION = YES;
				GCC_WARN_ABOUT_RETURN_TYPE = YES_ERROR;
				GCC_WARN_UNDECLARED_SELECTOR = YES;
				GCC_WARN_UNINITIALIZED_AUTOS = YES_AGGRESSIVE;
				GCC_WARN_UNUSED_FUNCTION = YES;
				GCC_WARN_UNUSED_VARIABLE = YES;
				IPHONEOS_DEPLOYMENT_TARGET = 15.5;
				MTL_ENABLE_DEBUG_INFO = INCLUDE_SOURCE;
				MTL_FAST_MATH = YES;
				ONLY_ACTIVE_ARCH = YES;
				SDKROOT = iphoneos;
				SWIFT_ACTIVE_COMPILATION_CONDITIONS = DEBUG;
				SWIFT_OPTIMIZATION_LEVEL = "-Onone";
			};
			name = Debug;
		};
		86482E1628A84A0A000D064F /* Release */ = {
			isa = XCBuildConfiguration;
			buildSettings = {
				ALWAYS_SEARCH_USER_PATHS = NO;
				CLANG_ANALYZER_NONNULL = YES;
				CLANG_ANALYZER_NUMBER_OBJECT_CONVERSION = YES_AGGRESSIVE;
				CLANG_CXX_LANGUAGE_STANDARD = "gnu++17";
				CLANG_ENABLE_MODULES = YES;
				CLANG_ENABLE_OBJC_ARC = YES;
				CLANG_ENABLE_OBJC_WEAK = YES;
				CLANG_WARN_BLOCK_CAPTURE_AUTORELEASING = YES;
				CLANG_WARN_BOOL_CONVERSION = YES;
				CLANG_WARN_COMMA = YES;
				CLANG_WARN_CONSTANT_CONVERSION = YES;
				CLANG_WARN_DEPRECATED_OBJC_IMPLEMENTATIONS = YES;
				CLANG_WARN_DIRECT_OBJC_ISA_USAGE = YES_ERROR;
				CLANG_WARN_DOCUMENTATION_COMMENTS = YES;
				CLANG_WARN_EMPTY_BODY = YES;
				CLANG_WARN_ENUM_CONVERSION = YES;
				CLANG_WARN_INFINITE_RECURSION = YES;
				CLANG_WARN_INT_CONVERSION = YES;
				CLANG_WARN_NON_LITERAL_NULL_CONVERSION = YES;
				CLANG_WARN_OBJC_IMPLICIT_RETAIN_SELF = YES;
				CLANG_WARN_OBJC_LITERAL_CONVERSION = YES;
				CLANG_WARN_OBJC_ROOT_CLASS = YES_ERROR;
				CLANG_WARN_QUOTED_INCLUDE_IN_FRAMEWORK_HEADER = YES;
				CLANG_WARN_RANGE_LOOP_ANALYSIS = YES;
				CLANG_WARN_STRICT_PROTOTYPES = YES;
				CLANG_WARN_SUSPICIOUS_MOVE = YES;
				CLANG_WARN_UNGUARDED_AVAILABILITY = YES_AGGRESSIVE;
				CLANG_WARN_UNREACHABLE_CODE = YES;
				CLANG_WARN__DUPLICATE_METHOD_MATCH = YES;
				COPY_PHASE_STRIP = NO;
				DEBUG_INFORMATION_FORMAT = "dwarf-with-dsym";
				ENABLE_NS_ASSERTIONS = NO;
				ENABLE_STRICT_OBJC_MSGSEND = YES;
				GCC_C_LANGUAGE_STANDARD = gnu11;
				GCC_NO_COMMON_BLOCKS = YES;
				GCC_WARN_64_TO_32_BIT_CONVERSION = YES;
				GCC_WARN_ABOUT_RETURN_TYPE = YES_ERROR;
				GCC_WARN_UNDECLARED_SELECTOR = YES;
				GCC_WARN_UNINITIALIZED_AUTOS = YES_AGGRESSIVE;
				GCC_WARN_UNUSED_FUNCTION = YES;
				GCC_WARN_UNUSED_VARIABLE = YES;
				IPHONEOS_DEPLOYMENT_TARGET = 15.5;
				MTL_ENABLE_DEBUG_INFO = NO;
				MTL_FAST_MATH = YES;
				SDKROOT = iphoneos;
				SWIFT_COMPILATION_MODE = wholemodule;
				SWIFT_OPTIMIZATION_LEVEL = "-O";
				VALIDATE_PRODUCT = YES;
			};
			name = Release;
		};
		86482E1828A84A0A000D064F /* Debug */ = {
			isa = XCBuildConfiguration;
			buildSettings = {
				ASSETCATALOG_COMPILER_APPICON_NAME = AppIcon;
				ASSETCATALOG_COMPILER_GLOBAL_ACCENT_COLOR_NAME = AccentColor;
				CODE_SIGN_STYLE = Automatic;
				CURRENT_PROJECT_VERSION = 1;
				DEVELOPMENT_ASSET_PATHS = "\"JuiceMakerRefactor/Preview Content\"";
				DEVELOPMENT_TEAM = YB5KQCLMY6;
				ENABLE_PREVIEWS = YES;
				GENERATE_INFOPLIST_FILE = YES;
				INFOPLIST_KEY_UIApplicationSceneManifest_Generation = YES;
				INFOPLIST_KEY_UIApplicationSupportsIndirectInputEvents = YES;
				INFOPLIST_KEY_UILaunchScreen_Generation = YES;
				INFOPLIST_KEY_UISupportedInterfaceOrientations = "UIInterfaceOrientationLandscapeLeft UIInterfaceOrientationLandscapeRight";
				INFOPLIST_KEY_UISupportedInterfaceOrientations_iPad = "UIInterfaceOrientationPortrait UIInterfaceOrientationPortraitUpsideDown UIInterfaceOrientationLandscapeLeft UIInterfaceOrientationLandscapeRight";
				INFOPLIST_KEY_UISupportedInterfaceOrientations_iPhone = "UIInterfaceOrientationPortrait UIInterfaceOrientationLandscapeLeft UIInterfaceOrientationLandscapeRight";
				LD_RUNPATH_SEARCH_PATHS = (
					"$(inherited)",
					"@executable_path/Frameworks",
				);
				MARKETING_VERSION = 1.0;
				PRODUCT_BUNDLE_IDENTIFIER = joohan.JuiceMakerRefactor;
				PRODUCT_NAME = "$(TARGET_NAME)";
				SWIFT_EMIT_LOC_STRINGS = YES;
				SWIFT_VERSION = 5.0;
				TARGETED_DEVICE_FAMILY = "1,2";
			};
			name = Debug;
		};
		86482E1928A84A0A000D064F /* Release */ = {
			isa = XCBuildConfiguration;
			buildSettings = {
				ASSETCATALOG_COMPILER_APPICON_NAME = AppIcon;
				ASSETCATALOG_COMPILER_GLOBAL_ACCENT_COLOR_NAME = AccentColor;
				CODE_SIGN_STYLE = Automatic;
				CURRENT_PROJECT_VERSION = 1;
				DEVELOPMENT_ASSET_PATHS = "\"JuiceMakerRefactor/Preview Content\"";
				DEVELOPMENT_TEAM = YB5KQCLMY6;
				ENABLE_PREVIEWS = YES;
				GENERATE_INFOPLIST_FILE = YES;
				INFOPLIST_KEY_UIApplicationSceneManifest_Generation = YES;
				INFOPLIST_KEY_UIApplicationSupportsIndirectInputEvents = YES;
				INFOPLIST_KEY_UILaunchScreen_Generation = YES;
				INFOPLIST_KEY_UISupportedInterfaceOrientations = "UIInterfaceOrientationLandscapeLeft UIInterfaceOrientationLandscapeRight";
				INFOPLIST_KEY_UISupportedInterfaceOrientations_iPad = "UIInterfaceOrientationPortrait UIInterfaceOrientationPortraitUpsideDown UIInterfaceOrientationLandscapeLeft UIInterfaceOrientationLandscapeRight";
				INFOPLIST_KEY_UISupportedInterfaceOrientations_iPhone = "UIInterfaceOrientationPortrait UIInterfaceOrientationLandscapeLeft UIInterfaceOrientationLandscapeRight";
				LD_RUNPATH_SEARCH_PATHS = (
					"$(inherited)",
					"@executable_path/Frameworks",
				);
				MARKETING_VERSION = 1.0;
				PRODUCT_BUNDLE_IDENTIFIER = joohan.JuiceMakerRefactor;
				PRODUCT_NAME = "$(TARGET_NAME)";
				SWIFT_EMIT_LOC_STRINGS = YES;
				SWIFT_VERSION = 5.0;
				TARGETED_DEVICE_FAMILY = "1,2";
			};
			name = Release;
		};
/* End XCBuildConfiguration section */

/* Begin XCConfigurationList section */
		86482E0428A84A09000D064F /* Build configuration list for PBXProject "JuiceMakerRefactor" */ = {
			isa = XCConfigurationList;
			buildConfigurations = (
				86482E1528A84A0A000D064F /* Debug */,
				86482E1628A84A0A000D064F /* Release */,
			);
			defaultConfigurationIsVisible = 0;
			defaultConfigurationName = Release;
		};
		86482E1728A84A0A000D064F /* Build configuration list for PBXNativeTarget "JuiceMakerRefactor" */ = {
			isa = XCConfigurationList;
			buildConfigurations = (
				86482E1828A84A0A000D064F /* Debug */,
				86482E1928A84A0A000D064F /* Release */,
			);
			defaultConfigurationIsVisible = 0;
			defaultConfigurationName = Release;
		};
/* End XCConfigurationList section */

/* Begin XCRemoteSwiftPackageReference section */
		865C9C4328AC399D001E25E8 /* XCRemoteSwiftPackageReference "swift-collections" */ = {
			isa = XCRemoteSwiftPackageReference;
			repositoryURL = "https://github.com/apple/swift-collections.git";
			requirement = {
				kind = upToNextMajorVersion;
				minimumVersion = 1.0.0;
			};
		};
/* End XCRemoteSwiftPackageReference section */

/* Begin XCSwiftPackageProductDependency section */
		865C9C4428AC399D001E25E8 /* Collections */ = {
			isa = XCSwiftPackageProductDependency;
			package = 865C9C4328AC399D001E25E8 /* XCRemoteSwiftPackageReference "swift-collections" */;
			productName = Collections;
		};
		865C9C4628AC399D001E25E8 /* OrderedCollections */ = {
			isa = XCSwiftPackageProductDependency;
			package = 865C9C4328AC399D001E25E8 /* XCRemoteSwiftPackageReference "swift-collections" */;
			productName = OrderedCollections;
		};
/* End XCSwiftPackageProductDependency section */
	};
	rootObject = 86482E0128A84A09000D064F /* Project object */;
}
